
Microsoft Visual Studio Solution File, Format Version 12.00
# Visual Studio Version 16
VisualStudioVersion = 16.0.30711.63
MinimumVisualStudioVersion = 10.0.40219.1
Project("{FAE04EC0-301F-11D3-BF4B-00C04F79EFBC}") = "Shop", "Shop\Shop.csproj", "{251C0B01-D22A-491E-9EF8-4626C0B2D8DF}"
EndProject
Global
	GlobalSection(SolutionConfigurationPlatforms) = preSolution
		Debug|Any CPU = Debug|Any CPU
		Release|Any CPU = Release|Any CPU
	EndGlobalSection
	GlobalSection(ProjectConfigurationPlatforms) = postSolution
		{251C0B01-D22A-491E-9EF8-4626C0B2D8DF}.Debug|Any CPU.ActiveCfg = Debug|Any CPU
		{251C0B01-D22A-491E-9EF8-4626C0B2D8DF}.Debug|Any CPU.Build.0 = Debug|Any CPU
		{251C0B01-D22A-491E-9EF8-4626C0B2D8DF}.Release|Any CPU.ActiveCfg = Release|Any CPU
		{251C0B01-D22A-491E-9EF8-4626C0B2D8DF}.Release|Any CPU.Build.0 = Release|Any CPU
	EndGlobalSection
	GlobalSection(SolutionProperties) = preSolution
		HideSolutionNode = FALSE
	EndGlobalSection
	GlobalSection(ExtensibilityGlobals) = postSolution
		SolutionGuid = {D8CDEA6B-C7A2-400B-A135-35E263BDF438}
	EndGlobalSection
EndGlobal
